
Microsoft Visual Studio Solution File, Format Version 12.00
# Visual Studio Version 16
VisualStudioVersion = 16.0.30523.141
MinimumVisualStudioVersion = 10.0.40219.1
Project("{FAE04EC0-301F-11D3-BF4B-00C04F79EFBC}") = "BMS", "BMS\BMS.csproj", "{6778AAFE-5838-40CB-ACF0-A09BB550241D}"
EndProject
Project("{FAE04EC0-301F-11D3-BF4B-00C04F79EFBC}") = "Forms", "Forms\Forms.csproj", "{B9622161-59BF-420D-A676-8CEFC7A14EB1}"
EndProject
Project("{FAE04EC0-301F-11D3-BF4B-00C04F79EFBC}") = "Utilities", "Utilities\Utilities.csproj", "{696AFDD3-6160-42FA-93AC-CBDBFE97233F}"
EndProject
Project("{FAE04EC0-301F-11D3-BF4B-00C04F79EFBC}") = "BaseBusiness", "BaseBusiness\BaseBusiness.csproj", "{059AE159-539C-41C2-B62B-5C246731BD48}"
EndProject
Project("{FAE04EC0-301F-11D3-BF4B-00C04F79EFBC}") = "UpdateVersion", "UpdateVersion\UpdateVersion.csproj", "{095D310D-C5B7-4B73-93C8-5A86A5B812C4}"
EndProject
Project("{FAE04EC0-301F-11D3-BF4B-00C04F79EFBC}") = "IEBusiness", "IEBusiness\IEBusiness.csproj", "{0125E90C-0B73-46B5-9613-82ABC5486D5C}"
EndProject
Project("{FAE04EC0-301F-11D3-BF4B-00C04F79EFBC}") = "STBusiness", "StockBusiness\STBusiness.csproj", "{55294C93-CB4C-4D15-89C3-009A737CC91A}"
EndProject
Project("{FAE04EC0-301F-11D3-BF4B-00C04F79EFBC}") = "HPBusiness", "HPBusiness\HPBusiness.csproj", "{DA71E29F-E5AD-4190-997B-385D342D2817}"
EndProject
Project("{FAE04EC0-301F-11D3-BF4B-00C04F79EFBC}") = "SDDBusiness", "SDBusiness\SDDBusiness.csproj", "{C1EB4993-E2CE-44C6-AADE-4F40C4932533}"
EndProject
Global
	GlobalSection(SolutionConfigurationPlatforms) = preSolution
		Debug|Any CPU = Debug|Any CPU
		Debug|Mixed Platforms = Debug|Mixed Platforms
		Debug|x86 = Debug|x86
		Release|Any CPU = Release|Any CPU
		Release|Mixed Platforms = Release|Mixed Platforms
		Release|x86 = Release|x86
	EndGlobalSection
	GlobalSection(ProjectConfigurationPlatforms) = postSolution
		{6778AAFE-5838-40CB-ACF0-A09BB550241D}.Debug|Any CPU.ActiveCfg = Debug|Any CPU
		{6778AAFE-5838-40CB-ACF0-A09BB550241D}.Debug|Any CPU.Build.0 = Debug|Any CPU
		{6778AAFE-5838-40CB-ACF0-A09BB550241D}.Debug|Mixed Platforms.ActiveCfg = Debug|x86
		{6778AAFE-5838-40CB-ACF0-A09BB550241D}.Debug|Mixed Platforms.Build.0 = Debug|x86
		{6778AAFE-5838-40CB-ACF0-A09BB550241D}.Debug|x86.ActiveCfg = Debug|x86
		{6778AAFE-5838-40CB-ACF0-A09BB550241D}.Debug|x86.Build.0 = Debug|x86
		{6778AAFE-5838-40CB-ACF0-A09BB550241D}.Release|Any CPU.ActiveCfg = Release|Any CPU
		{6778AAFE-5838-40CB-ACF0-A09BB550241D}.Release|Any CPU.Build.0 = Release|Any CPU
		{6778AAFE-5838-40CB-ACF0-A09BB550241D}.Release|Mixed Platforms.ActiveCfg = Release|x86
		{6778AAFE-5838-40CB-ACF0-A09BB550241D}.Release|Mixed Platforms.Build.0 = Release|x86
		{6778AAFE-5838-40CB-ACF0-A09BB550241D}.Release|x86.ActiveCfg = Release|x86
		{6778AAFE-5838-40CB-ACF0-A09BB550241D}.Release|x86.Build.0 = Release|x86
		{B9622161-59BF-420D-A676-8CEFC7A14EB1}.Debug|Any CPU.ActiveCfg = Debug|Any CPU
		{B9622161-59BF-420D-A676-8CEFC7A14EB1}.Debug|Any CPU.Build.0 = Debug|Any CPU
		{B9622161-59BF-420D-A676-8CEFC7A14EB1}.Debug|Mixed Platforms.ActiveCfg = Debug|x86
		{B9622161-59BF-420D-A676-8CEFC7A14EB1}.Debug|Mixed Platforms.Build.0 = Debug|x86
		{B9622161-59BF-420D-A676-8CEFC7A14EB1}.Debug|x86.ActiveCfg = Debug|x86
		{B9622161-59BF-420D-A676-8CEFC7A14EB1}.Debug|x86.Build.0 = Debug|x86
		{B9622161-59BF-420D-A676-8CEFC7A14EB1}.Release|Any CPU.ActiveCfg = Release|Any CPU
		{B9622161-59BF-420D-A676-8CEFC7A14EB1}.Release|Any CPU.Build.0 = Release|Any CPU
		{B9622161-59BF-420D-A676-8CEFC7A14EB1}.Release|Mixed Platforms.ActiveCfg = Release|x86
		{B9622161-59BF-420D-A676-8CEFC7A14EB1}.Release|Mixed Platforms.Build.0 = Release|x86
		{B9622161-59BF-420D-A676-8CEFC7A14EB1}.Release|x86.ActiveCfg = Release|x86
		{B9622161-59BF-420D-A676-8CEFC7A14EB1}.Release|x86.Build.0 = Release|x86
		{696AFDD3-6160-42FA-93AC-CBDBFE97233F}.Debug|Any CPU.ActiveCfg = Debug|Any CPU
		{696AFDD3-6160-42FA-93AC-CBDBFE97233F}.Debug|Any CPU.Build.0 = Debug|Any CPU
		{696AFDD3-6160-42FA-93AC-CBDBFE97233F}.Debug|Mixed Platforms.ActiveCfg = Debug|x86
		{696AFDD3-6160-42FA-93AC-CBDBFE97233F}.Debug|Mixed Platforms.Build.0 = Debug|x86
		{696AFDD3-6160-42FA-93AC-CBDBFE97233F}.Debug|x86.ActiveCfg = Debug|x86
		{696AFDD3-6160-42FA-93AC-CBDBFE97233F}.Debug|x86.Build.0 = Debug|x86
		{696AFDD3-6160-42FA-93AC-CBDBFE97233F}.Release|Any CPU.ActiveCfg = Release|Any CPU
		{696AFDD3-6160-42FA-93AC-CBDBFE97233F}.Release|Any CPU.Build.0 = Release|Any CPU
		{696AFDD3-6160-42FA-93AC-CBDBFE97233F}.Release|Mixed Platforms.ActiveCfg = Release|x86
		{696AFDD3-6160-42FA-93AC-CBDBFE97233F}.Release|Mixed Platforms.Build.0 = Release|x86
		{696AFDD3-6160-42FA-93AC-CBDBFE97233F}.Release|x86.ActiveCfg = Release|x86
		{696AFDD3-6160-42FA-93AC-CBDBFE97233F}.Release|x86.Build.0 = Release|x86
		{059AE159-539C-41C2-B62B-5C246731BD48}.Debug|Any CPU.ActiveCfg = Debug|Any CPU
		{059AE159-539C-41C2-B62B-5C246731BD48}.Debug|Any CPU.Build.0 = Debug|Any CPU
		{059AE159-539C-41C2-B62B-5C246731BD48}.Debug|Mixed Platforms.ActiveCfg = Debug|x86
		{059AE159-539C-41C2-B62B-5C246731BD48}.Debug|Mixed Platforms.Build.0 = Debug|x86
		{059AE159-539C-41C2-B62B-5C246731BD48}.Debug|x86.ActiveCfg = Debug|x86
		{059AE159-539C-41C2-B62B-5C246731BD48}.Debug|x86.Build.0 = Debug|x86
		{059AE159-539C-41C2-B62B-5C246731BD48}.Release|Any CPU.ActiveCfg = Release|Any CPU
		{059AE159-539C-41C2-B62B-5C246731BD48}.Release|Any CPU.Build.0 = Release|Any CPU
		{059AE159-539C-41C2-B62B-5C246731BD48}.Release|Mixed Platforms.ActiveCfg = Release|x86
		{059AE159-539C-41C2-B62B-5C246731BD48}.Release|Mixed Platforms.Build.0 = Release|x86
		{059AE159-539C-41C2-B62B-5C246731BD48}.Release|x86.ActiveCfg = Release|x86
		{059AE159-539C-41C2-B62B-5C246731BD48}.Release|x86.Build.0 = Release|x86
		{095D310D-C5B7-4B73-93C8-5A86A5B812C4}.Debug|Any CPU.ActiveCfg = Debug|Any CPU
		{095D310D-C5B7-4B73-93C8-5A86A5B812C4}.Debug|Any CPU.Build.0 = Debug|Any CPU
		{095D310D-C5B7-4B73-93C8-5A86A5B812C4}.Debug|Mixed Platforms.ActiveCfg = Debug|Any CPU
		{095D310D-C5B7-4B73-93C8-5A86A5B812C4}.Debug|Mixed Platforms.Build.0 = Debug|Any CPU
		{095D310D-C5B7-4B73-93C8-5A86A5B812C4}.Debug|x86.ActiveCfg = Debug|Any CPU
		{095D310D-C5B7-4B73-93C8-5A86A5B812C4}.Debug|x86.Build.0 = Debug|Any CPU
		{095D310D-C5B7-4B73-93C8-5A86A5B812C4}.Release|Any CPU.ActiveCfg = Release|Any CPU
		{095D310D-C5B7-4B73-93C8-5A86A5B812C4}.Release|Any CPU.Build.0 = Release|Any CPU
		{095D310D-C5B7-4B73-93C8-5A86A5B812C4}.Release|Mixed Platforms.ActiveCfg = Release|Any CPU
		{095D310D-C5B7-4B73-93C8-5A86A5B812C4}.Release|Mixed Platforms.Build.0 = Release|Any CPU
		{095D310D-C5B7-4B73-93C8-5A86A5B812C4}.Release|x86.ActiveCfg = Release|Any CPU
		{095D310D-C5B7-4B73-93C8-5A86A5B812C4}.Release|x86.Build.0 = Release|Any CPU
		{0125E90C-0B73-46B5-9613-82ABC5486D5C}.Debug|Any CPU.ActiveCfg = Debug|Any CPU
		{0125E90C-0B73-46B5-9613-82ABC5486D5C}.Debug|Any CPU.Build.0 = Debug|Any CPU
		{0125E90C-0B73-46B5-9613-82ABC5486D5C}.Debug|Mixed Platforms.ActiveCfg = Debug|x86
		{0125E90C-0B73-46B5-9613-82ABC5486D5C}.Debug|Mixed Platforms.Build.0 = Debug|x86
		{0125E90C-0B73-46B5-9613-82ABC5486D5C}.Debug|x86.ActiveCfg = Debug|x86
		{0125E90C-0B73-46B5-9613-82ABC5486D5C}.Debug|x86.Build.0 = Debug|x86
		{0125E90C-0B73-46B5-9613-82ABC5486D5C}.Release|Any CPU.ActiveCfg = Release|Any CPU
		{0125E90C-0B73-46B5-9613-82ABC5486D5C}.Release|Any CPU.Build.0 = Release|Any CPU
		{0125E90C-0B73-46B5-9613-82ABC5486D5C}.Release|Mixed Platforms.ActiveCfg = Release|x86
		{0125E90C-0B73-46B5-9613-82ABC5486D5C}.Release|Mixed Platforms.Build.0 = Release|x86
		{0125E90C-0B73-46B5-9613-82ABC5486D5C}.Release|x86.ActiveCfg = Release|x86
		{0125E90C-0B73-46B5-9613-82ABC5486D5C}.Release|x86.Build.0 = Release|x86
		{55294C93-CB4C-4D15-89C3-009A737CC91A}.Debug|Any CPU.ActiveCfg = Debug|Any CPU
		{55294C93-CB4C-4D15-89C3-009A737CC91A}.Debug|Any CPU.Build.0 = Debug|Any CPU
		{55294C93-CB4C-4D15-89C3-009A737CC91A}.Debug|Mixed Platforms.ActiveCfg = Debug|x86
		{55294C93-CB4C-4D15-89C3-009A737CC91A}.Debug|Mixed Platforms.Build.0 = Debug|x86
		{55294C93-CB4C-4D15-89C3-009A737CC91A}.Debug|x86.ActiveCfg = Debug|x86
		{55294C93-CB4C-4D15-89C3-009A737CC91A}.Debug|x86.Build.0 = Debug|x86
		{55294C93-CB4C-4D15-89C3-009A737CC91A}.Release|Any CPU.ActiveCfg = Release|Any CPU
		{55294C93-CB4C-4D15-89C3-009A737CC91A}.Release|Any CPU.Build.0 = Release|Any CPU
		{55294C93-CB4C-4D15-89C3-009A737CC91A}.Release|Mixed Platforms.ActiveCfg = Release|x86
		{55294C93-CB4C-4D15-89C3-009A737CC91A}.Release|Mixed Platforms.Build.0 = Release|x86
		{55294C93-CB4C-4D15-89C3-009A737CC91A}.Release|x86.ActiveCfg = Release|x86
		{55294C93-CB4C-4D15-89C3-009A737CC91A}.Release|x86.Build.0 = Release|x86
		{DA71E29F-E5AD-4190-997B-385D342D2817}.Debug|Any CPU.ActiveCfg = Debug|Any CPU
		{DA71E29F-E5AD-4190-997B-385D342D2817}.Debug|Any CPU.Build.0 = Debug|Any CPU
		{DA71E29F-E5AD-4190-997B-385D342D2817}.Debug|Mixed Platforms.ActiveCfg = Debug|x86
		{DA71E29F-E5AD-4190-997B-385D342D2817}.Debug|Mixed Platforms.Build.0 = Debug|x86
		{DA71E29F-E5AD-4190-997B-385D342D2817}.Debug|x86.ActiveCfg = Debug|x86
		{DA71E29F-E5AD-4190-997B-385D342D2817}.Debug|x86.Build.0 = Debug|x86
		{DA71E29F-E5AD-4190-997B-385D342D2817}.Release|Any CPU.ActiveCfg = Release|Any CPU
		{DA71E29F-E5AD-4190-997B-385D342D2817}.Release|Any CPU.Build.0 = Release|Any CPU
		{DA71E29F-E5AD-4190-997B-385D342D2817}.Release|Mixed Platforms.ActiveCfg = Release|x86
		{DA71E29F-E5AD-4190-997B-385D342D2817}.Release|Mixed Platforms.Build.0 = Release|x86
		{DA71E29F-E5AD-4190-997B-385D342D2817}.Release|x86.ActiveCfg = Release|x86
		{DA71E29F-E5AD-4190-997B-385D342D2817}.Release|x86.Build.0 = Release|x86
		{C1EB4993-E2CE-44C6-AADE-4F40C4932533}.Debug|Any CPU.ActiveCfg = Debug|Any CPU
		{C1EB4993-E2CE-44C6-AADE-4F40C4932533}.Debug|Any CPU.Build.0 = Debug|Any CPU
		{C1EB4993-E2CE-44C6-AADE-4F40C4932533}.Debug|Mixed Platforms.ActiveCfg = Debug|x86
		{C1EB4993-E2CE-44C6-AADE-4F40C4932533}.Debug|Mixed Platforms.Build.0 = Debug|x86
		{C1EB4993-E2CE-44C6-AADE-4F40C4932533}.Debug|x86.ActiveCfg = Debug|x86
		{C1EB4993-E2CE-44C6-AADE-4F40C4932533}.Debug|x86.Build.0 = Debug|x86
		{C1EB4993-E2CE-44C6-AADE-4F40C4932533}.Release|Any CPU.ActiveCfg = Release|Any CPU
		{C1EB4993-E2CE-44C6-AADE-4F40C4932533}.Release|Any CPU.Build.0 = Release|Any CPU
		{C1EB4993-E2CE-44C6-AADE-4F40C4932533}.Release|Mixed Platforms.ActiveCfg = Release|x86
		{C1EB4993-E2CE-44C6-AADE-4F40C4932533}.Release|Mixed Platforms.Build.0 = Release|x86
		{C1EB4993-E2CE-44C6-AADE-4F40C4932533}.Release|x86.ActiveCfg = Release|x86
		{C1EB4993-E2CE-44C6-AADE-4F40C4932533}.Release|x86.Build.0 = Release|x86
	EndGlobalSection
	GlobalSection(SolutionProperties) = preSolution
		HideSolutionNode = FALSE
	EndGlobalSection
	GlobalSection(ExtensibilityGlobals) = postSolution
		SolutionGuid = {62F60738-6A23-4097-979A-09846016F2E2}
	EndGlobalSection
EndGlobal
